<?xml version="1.0" encoding="utf-8"?>
<Project ToolsVersion="4.0" xmlns="http://schemas.microsoft.com/developer/msbuild/2003">
  <ItemGroup>
    <Filter Include="Source Files">
      <UniqueIdentifier>{4FC737F1-C7A5-4376-A066-2A32D752A2FF}</UniqueIdentifier>
      <Extensions>cpp;c;cc;cxx;def;odl;idl;hpj;bat;asm;asmx</Extensions>
    </Filter>
    <Filter Include="Header Files">
      <UniqueIdentifier>{93995380-89BD-4b04-88EB-625FBE52EBFB}</UniqueIdentifier>
      <Extensions>h;hpp;hxx;hm;inl;inc;xsd</Extensions>
    </Filter>
    <Filter Include="Resource Files">
      <UniqueIdentifier>{67DA6AB6-F800-4c08-8B7A-83BB121AAD01}</UniqueIdentifier>
      <Extensions>rc;ico;cur;bmp;dlg;rc2;rct;bin;rgs;gif;jpg;jpeg;jpe;resx;tiff;tif;png;wav;mfcribbon-ms</Extensions>
    </Filter>
    <Filter Include="Source Files\serching_algorithms">
      <UniqueIdentifier>{4677a237-b48c-4311-a087-9b75a86b0a5a}</UniqueIdentifier>
    </Filter>
    <Filter Include="Source Files\others">
      <UniqueIdentifier>{a4969bd4-2436-4c8e-ac50-cd25d0d38e62}</UniqueIdentifier>
    </Filter>
  </ItemGroup>
  <ItemGroup>
    <ClCompile Include="main_code.cpp">
      <Filter>Source Files</Filter>
    </ClCompile>
    <ClCompile Include="naive_algorithm.cpp">
      <Filter>Source Files\serching_algorithms</Filter>
    </ClCompile>
    <ClCompile Include="BM.cpp">
      <Filter>Source Files\serching_algorithms</Filter>
    </ClCompile>
    <ClCompile Include="KMP.cpp">
      <Filter>Source Files\serching_algorithms</Filter>
    </ClCompile>
    <ClCompile Include="other_functions.cpp">
      <Filter>Source Files\others</Filter>
    </ClCompile>
    <ClCompile Include="BM_another.cpp">
      <Filter>Source Files\serching_algorithms</Filter>
    </ClCompile>
  </ItemGroup>
  <ItemGroup>
    <ClInclude Include="main_header.h">
      <Filter>Source Files</Filter>
    </ClInclude>
  </ItemGroup>
</Project>